
Microsoft Visual Studio Solution File, Format Version 12.00
# Visual Studio Version 17
VisualStudioVersion = 17.8.34330.188
MinimumVisualStudioVersion = 10.0.40219.1
Project("{FAE04EC0-301F-11D3-BF4B-00C04F79EFBC}") = "AgilentMultimeter", "AgilentMultimeter.csproj", "{6442187D-3EA0-46C0-A3A4-28EAF3DDB628}"
EndProject
Global
	GlobalSection(SolutionConfigurationPlatforms) = preSolution
		Debug|Any CPU = Debug|Any CPU
		Release|Any CPU = Release|Any CPU
	EndGlobalSection
	GlobalSection(ProjectConfigurationPlatforms) = postSolution
		{6442187D-3EA0-46C0-A3A4-28EAF3DDB628}.Debug|Any CPU.ActiveCfg = Debug|Any CPU
		{6442187D-3EA0-46C0-A3A4-28EAF3DDB628}.Debug|Any CPU.Build.0 = Debug|Any CPU
		{6442187D-3EA0-46C0-A3A4-28EAF3DDB628}.Release|Any CPU.ActiveCfg = Release|Any CPU
		{6442187D-3EA0-46C0-A3A4-28EAF3DDB628}.Release|Any CPU.Build.0 = Release|Any CPU
	EndGlobalSection
	GlobalSection(SolutionProperties) = preSolution
		HideSolutionNode = FALSE
	EndGlobalSection
	GlobalSection(ExtensibilityGlobals) = postSolution
		SolutionGuid = {CB945F21-D2E4-4525-9AF7-E954BE13C63A}
	EndGlobalSection
EndGlobal
